
Microsoft Visual Studio Solution File, Format Version 12.00
# Visual Studio Version 16
VisualStudioVersion = 16.0.29215.179
MinimumVisualStudioVersion = 10.0.40219.1
Project("{FAE04EC0-301F-11D3-BF4B-00C04F79EFBC}") = "TA_ETW", "TA_ETW\TA_ETW.csproj", "{346CEC08-2ADC-4F14-8FF4-76E5B2F6C71E}"
EndProject
Global
	GlobalSection(SolutionConfigurationPlatforms) = preSolution
		Debug|Any CPU = Debug|Any CPU
		Release|Any CPU = Release|Any CPU
	EndGlobalSection
	GlobalSection(ProjectConfigurationPlatforms) = postSolution
		{346CEC08-2ADC-4F14-8FF4-76E5B2F6C71E}.Debug|Any CPU.ActiveCfg = Debug|Any CPU
		{346CEC08-2ADC-4F14-8FF4-76E5B2F6C71E}.Debug|Any CPU.Build.0 = Debug|Any CPU
		{346CEC08-2ADC-4F14-8FF4-76E5B2F6C71E}.Release|Any CPU.ActiveCfg = Release|Any CPU
		{346CEC08-2ADC-4F14-8FF4-76E5B2F6C71E}.Release|Any CPU.Build.0 = Release|Any CPU
	EndGlobalSection
	GlobalSection(SolutionProperties) = preSolution
		HideSolutionNode = FALSE
	EndGlobalSection
	GlobalSection(ExtensibilityGlobals) = postSolution
		SolutionGuid = {6D20FD6F-BBE1-4320-9BFA-322B913DF303}
	EndGlobalSection
EndGlobal
